# THIS IS AN AUTOGENERATED FILE. DO NOT EDIT THIS FILE DIRECTLY.
assets/bg-music.png:
  development: 2018-01-10T09:21:12+02:00   c661fa9704e7ec925baab3dff9153462
assets/gift-card.scss.liquid:
  development: 2018-01-10T09:21:12+02:00   d002007c6ca2572cffd492ca5e0a72dc
assets/ico-select.svg.liquid:
  development: 2018-01-10T09:21:12+02:00   c74a0fed2a628d11ab7ec2363d49b230
assets/icons.eot:
  development: 2018-01-10T09:21:13+02:00   2bfe8cff1d4976af629171b5f984c2a9
assets/icons.json:
  development: 2018-01-10T09:21:13+02:00   5958c159d2e41b9af0b34f261899b395
assets/icons.svg:
  development: 2018-01-10T09:21:13+02:00   0f8e7e9b9ff62318f787601d71582503
assets/icons.ttf:
  development: 2018-01-10T09:21:13+02:00   c0b2e16fbd76d6f3ae2c0a2be93bb321
assets/icons.woff:
  development: 2018-01-10T09:21:13+02:00   36c520b9159ce53e971d14910a2ff1cf
assets/jquery-2.2.3.min.js:
  development: 2018-01-10T09:21:13+02:00   33cabfa15c1060aaa3d207c653afb1ee
assets/lazysizes.min.js:
  development: 2018-01-10T09:21:13+02:00   8a017cd822f4299a72a0872b07105cf9
assets/password-page-background.jpg:
  development: 2018-01-10T09:21:13+02:00   4d5821272f875e5c11dd3a8c8e1d6133
assets/respond-proxy.html:
  development: 2018-01-10T09:21:13+02:00   75002d74a330bff6bf069284da503b4c
assets/style.css:
  development: 2018-01-12T11:56:26+02:00   f1455fc264ed029fe52be51e319c3bf5
assets/style.scss:
  development: 2018-01-12T11:56:26+02:00   8bb1e7984329c1c24f56db58f7839a97
assets/theme.js:
  development: 2018-01-16T10:24:14+02:00   9ba51e83f86892cb98b53716d1b2d802
assets/theme.scss.liquid:
  development: 2018-01-12T11:39:37+02:00   9a302f6530e1cbb1de219d80f84281e8
assets/timber.scss.liquid:
  development: 2018-01-10T09:21:13+02:00   5e0c4e3a7ef99f88e9dc15fcb954f5dc
assets/wedoLogo.png:
  development: 2018-01-15T15:32:14+02:00   ebc6a294c718bbade02a89b387c09ce4
config/settings_data.json:
  development: 2018-01-10T10:11:32+02:00   422185ed769409815e892855f5f15659
config/settings_schema.json:
  development: 2018-01-10T09:21:15+02:00   976b10138175bb64fa71987398881b5a
layout/password.liquid:
  development: 2018-01-10T09:21:14+02:00   3d2e48bdf438ea5bf937b45c735b8dc8
layout/theme.liquid:
  development: 2018-01-11T13:03:33+02:00   ad4aaed728f54159c44faaeebc62b3b7
locales/de.json:
  development: 2018-01-10T09:21:14+02:00   33b491c4aaba082df97ebf3d352aaad3
locales/en.json:
  development: 2018-01-11T12:25:07+02:00   26c2c5378b80cddb15e138c6a0b96d2c
locales/es.json:
  development: 2018-01-10T09:21:14+02:00   cb89cd4ebf4cd8757639136ed9d596a9
locales/fr.json:
  development: 2018-01-10T09:21:14+02:00   0fba24b80f4203298b65e23d139828f2
locales/it.json:
  development: 2018-01-10T09:21:14+02:00   78e7cd2ce3302bce00ae9f26dce86ba0
locales/ja.json:
  development: 2018-01-10T09:21:14+02:00   7659cdd123ba700d081f7aa37181be5b
locales/pt-BR.json:
  development: 2018-01-10T09:21:14+02:00   d8e6f309a0c029161bdbfeede9170413
locales/pt-PT.json:
  development: 2018-01-10T09:21:14+02:00   3c235f1ac12904379bb046ded4944c21
locales/ru.json:
  development: 2018-01-15T11:57:46+02:00   fdcba34dfd0bfeb0319057d0efd5e2a5
sections/article-template.liquid:
  development: 2018-01-10T09:21:11+02:00   f1dd5566ff0988ce2f9ff22cee0c6d61
sections/blog-template.liquid:
  development: 2018-01-10T09:21:11+02:00   89961bf2f933d63dc1fafe5df2d0fc8d
sections/cart-template.liquid:
  development: 2018-01-10T09:21:11+02:00   3e6215f7ee6d5c132b19528dde894db1
sections/collection-list.liquid:
  development: 2018-01-16T09:43:58+02:00   5ce167a04cb4d3216afbe926670ff26b
sections/collection-template.liquid:
  development: 2018-01-16T09:45:43+02:00   793cf91cb9827febf7ae64f907034ecd
sections/custom-html.liquid:
  development: 2018-01-10T09:21:11+02:00   927c0e19d490d39ff4aa5bb9204175c7
sections/feature-row.liquid:
  development: 2018-01-10T09:21:12+02:00   4967e9c13f2efcc76043d8d62be845d1
sections/featured-blog.liquid:
  development: 2018-01-10T09:21:12+02:00   b983be9c784f9522731620aa4531a86b
sections/featured-collection.liquid:
  development: 2018-01-10T09:21:12+02:00   1a39a7d60a60a3e25c8d8278b2c2e83d
sections/featured-product.liquid:
  development: 2018-01-10T09:21:12+02:00   c0dd8c36afb540143216aba98b00be05
sections/featured-video.liquid:
  development: 2018-01-10T09:21:12+02:00   8125f658ad90f103df0dd67bed3dff24
sections/footer.liquid:
  development: 2018-01-15T15:33:25+02:00   9874c787f6cee6ad7ae40d6722327cf2
sections/gallery.liquid:
  development: 2018-01-10T09:21:12+02:00   7f80796f0eb998f4a032a1ca450b1cf2
sections/header.liquid:
  development: 2018-01-15T12:57:45+02:00   ebbe5f6369ad7d34318e6b3185669d4d
sections/list-collections-template.liquid:
  development: 2018-01-10T09:21:12+02:00   b218836835163883f8006e98f64831ca
sections/map.liquid:
  development: 2018-01-10T09:21:12+02:00   b1168b8b0def6611aa565bf6f6a7bfbf
sections/newsletter.liquid:
  development: 2018-01-10T09:21:12+02:00   5cc3fc586b5480e78b7db7dce6d0aa22
sections/password-content.liquid:
  development: 2018-01-10T09:21:12+02:00   1cbf6f4c0188b2e6adfe02ae7f7071c2
sections/password-header.liquid:
  development: 2018-01-10T09:21:12+02:00   139dbe1b79b652043852cc73731d43e4
sections/product-template.liquid:
  development: 2018-01-16T10:20:28+02:00   0c9749a544d479f45bcddaf3c61271d1
sections/rich-text.liquid:
  development: 2018-01-10T09:21:12+02:00   408f02185ca5329eb1a670cf19ea4089
sections/slider.liquid:
  development: 2018-01-10T09:21:12+02:00   29838de632da1efa369434d77259fa22
snippets/bgset.liquid:
  development: 2018-01-10T09:21:14+02:00   85889bbc39b57621f32fad66317366fc
snippets/blog-sidebar.liquid:
  development: 2018-01-10T09:21:14+02:00   db140aa96a5ee2e764d31483dd00168f
snippets/breadcrumb.liquid:
  development: 2018-01-10T09:21:14+02:00   7324fcf352fc0ce7d179877eeca50338
snippets/collection-grid-item.liquid:
  development: 2018-01-10T09:21:14+02:00   db7580d38bac3c09881c71dac5b5fea1
snippets/collection-sorting.liquid:
  development: 2018-01-10T09:21:14+02:00   3d2648af8d497870a7036250f62a7823
snippets/collection-tags.liquid:
  development: 2018-01-10T09:21:14+02:00   46029eea21893fe5add28a5547b3d35b
snippets/comment.liquid:
  development: 2018-01-10T09:21:14+02:00   35e507f92f779b5a74b68d9699051d53
snippets/featured-blog.liquid:
  development: 2018-01-10T09:21:14+02:00   e6bbd2c8902921c6ce79e37c8d0bdc90
snippets/google-fonts.liquid:
  development: 2018-01-10T09:21:14+02:00   8e40cfa27425f9a5b955b747e1edee96
snippets/icon-chevron-left.liquid:
  development: 2018-01-11T17:10:56+02:00   6290d56c32e8ac47abe4a4f4d90ed032
snippets/icon-chevron-right.liquid:
  development: 2018-01-11T17:11:27+02:00   41842e53e7b826a0d260e2ccffbfdab1
snippets/image-style.liquid:
  development: 2018-01-10T09:21:14+02:00   264848e1c5a44d2f3f3feeb6edb0901c
snippets/mobile-nav-icons.liquid:
  development: 2018-01-10T09:21:14+02:00   47770a15391de08bb1523ad7cb8df819
snippets/mobile-nav.liquid:
  development: 2018-01-15T14:08:02+02:00   d22d9e2759a20374e68847f7ec09b34a
snippets/newsletter-form.liquid:
  development: 2018-01-10T09:21:14+02:00   4e93b8617cdaba1a329a9e00618008b6
snippets/oldIE-js.liquid:
  development: 2018-01-10T09:21:14+02:00   c1183f12140d2f8faacdcce2ee890ffa
snippets/onboarding-featured-blog.liquid:
  development: 2018-01-10T09:21:14+02:00   9f64f9f3d710b57c959341e6293d0dd3
snippets/pagination-custom.liquid:
  development: 2018-01-10T09:21:14+02:00   13a718c4d2a26a6c5b0a4088feffcdee
snippets/product-grid-item.liquid:
  development: 2018-01-16T09:51:26+02:00   c6d04fa50c80dcfa75ba4570139eda64
snippets/related-products.liquid:
  development: 2018-01-10T09:21:14+02:00   f226f17d078871c7321c506d6f04b71f
snippets/respond.liquid:
  development: 2018-01-10T09:21:14+02:00   296108cb94e6cb82d515ebb93308ef68
snippets/search-bar.liquid:
  development: 2018-01-15T12:24:37+02:00   13718b56cde56faaf313e885a89c9f65
snippets/search-result-grid.liquid:
  development: 2018-01-10T09:21:14+02:00   557927664b63a565d872e261393e3eea
snippets/search-result.liquid:
  development: 2018-01-10T09:21:14+02:00   a7aaf8b2944883884a78af472ced5740
snippets/site-nav.liquid:
  development: 2018-01-10T09:21:14+02:00   4212329d445fd8219f5e16541ac05f8d
snippets/social-links.liquid:
  development: 2018-01-10T09:21:14+02:00   94b779103d80ce313734af90aeccc56e
snippets/social-meta-tags.liquid:
  development: 2018-01-10T09:21:15+02:00   ae9e213401623b2601abf0ace8e21537
snippets/social-sharing.liquid:
  development: 2018-01-10T09:21:15+02:00   50728986de2370a746cdaa2d7497eb10
snippets/svg-definitions.liquid:
  development: 2018-01-10T09:21:15+02:00   fe4fbc64d534e355fd8653de4ebac79a
snippets/tags-article.liquid:
  development: 2018-01-10T09:21:15+02:00   20bac49751d1b57826250dd05fdba854
templates/404.liquid:
  development: 2018-01-10T09:21:15+02:00   a345bd048463d3bb245873ed26a41a98
templates/article.liquid:
  development: 2018-01-10T09:21:15+02:00   5daa05ec94a09e61c83de1fdda71d460
templates/blog.liquid:
  development: 2018-01-10T09:21:15+02:00   2d9763b480fe6879080163b1e0e33e54
templates/cart.liquid:
  development: 2018-01-10T09:21:15+02:00   bba3c715f8c51f0520b3bd1a49ca90dc
templates/collection.liquid:
  development: 2018-01-10T09:21:15+02:00   dbc96efd23c46d39aa0870904e5ffb76
templates/customers/account.liquid:
  development: 2018-01-10T09:21:15+02:00   a6965fad5d37ba0893a8cb291793ce33
templates/customers/activate_account.liquid:
  development: 2018-01-10T09:21:15+02:00   53ad1b14a19e22b0536200fc95766c91
templates/customers/addresses.liquid:
  development: 2018-01-10T09:21:15+02:00   8433bf9eede9af8897c4df98b3918e94
templates/customers/login.liquid:
  development: 2018-01-10T09:21:15+02:00   2924330d47e28ff885ab9fab64de7ffb
templates/customers/order.liquid:
  development: 2018-01-10T09:21:15+02:00   c3b048af43b566743eadeeba33a15740
templates/customers/register.liquid:
  development: 2018-01-10T09:21:15+02:00   a867faa8369db6f6043803d8db367195
templates/customers/reset_password.liquid:
  development: 2018-01-10T09:21:15+02:00   34c6b26b205551a90f08f2dca7519550
templates/gift_card.liquid:
  development: 2018-01-10T09:21:15+02:00   c89d225570b579ec782e06e4cfb110ab
templates/index.liquid:
  development: 2018-01-10T09:21:15+02:00   56b51b6f96394db4b17c64b43e1c0010
templates/list-collections.liquid:
  development: 2018-01-10T09:21:15+02:00   eabed71f62563b929b8da83a4aeacbfb
templates/page.contact.liquid:
  development: 2018-01-10T09:21:15+02:00   66f8544941ec97c56348164eb3a7a245
templates/page.full-width-no-heading.liquid:
  development: 2018-01-10T09:21:15+02:00   69d6b589c5ec6e8299088c5624c195fa
templates/page.full-width.liquid:
  development: 2018-01-10T09:21:15+02:00   70e6db67acbee100359ac565a1cc4fbf
templates/page.liquid:
  development: 2018-01-10T09:21:15+02:00   920ebc6f5bbe5203ece5b8a6b1e66488
templates/page.no-heading.liquid:
  development: 2018-01-10T09:21:15+02:00   1217ebf3d69892fe813368050dfa6629
templates/password.liquid:
  development: 2018-01-10T09:21:15+02:00   27c20529a5fa11780bc067f4f5c7cc9d
templates/product.liquid:
  development: 2018-01-10T09:21:15+02:00   104c9411752892755502b61349a31329
templates/search.liquid:
  development: 2018-01-10T09:21:15+02:00   3ce6b1a5bd60b05f4ed27f3f89d16888
